// !$*UTF8*$!
{
	archiveVersion = 1;
	classes = {
	};
	objectVersion = 46;
	objects = {

/* Begin PBXBuildFile section */
		45876E291CCF60DA005CD060 /* Banana.png in Resources */ = {isa = PBXBuildFile; fileRef = 45876E251CCF60DA005CD060 /* Banana.png */; };
		45876E2A1CCF60DA005CD060 /* Orange.png in Resources */ = {isa = PBXBuildFile; fileRef = 45876E261CCF60DA005CD060 /* Orange.png */; };
		45876E2B1CCF60DA005CD060 /* Peach.png in Resources */ = {isa = PBXBuildFile; fileRef = 45876E271CCF60DA005CD060 /* Peach.png */; };
		45876E2C1CCF60DA005CD060 /* Strawberry.png in Resources */ = {isa = PBXBuildFile; fileRef = 45876E281CCF60DA005CD060 /* Strawberry.png */; };
		45DF1F881CCF5E8A00DC57FC /* main.m in Sources */ = {isa = PBXBuildFile; fileRef = 45DF1F871CCF5E8A00DC57FC /* main.m */; };
		45DF1F8B1CCF5E8A00DC57FC /* AppDelegate.m in Sources */ = {isa = PBXBuildFile; fileRef = 45DF1F8A1CCF5E8A00DC57FC /* AppDelegate.m */; };
		45DF1F8E1CCF5E8A00DC57FC /* ViewController.m in Sources */ = {isa = PBXBuildFile; fileRef = 45DF1F8D1CCF5E8A00DC57FC /* ViewController.m */; };
		45DF1F911CCF5E8A00DC57FC /* Main.storyboard in Resources */ = {isa = PBXBuildFile; fileRef = 45DF1F8F1CCF5E8A00DC57FC /* Main.storyboard */; };
		45DF1F931CCF5E8A00DC57FC /* Assets.xcassets in Resources */ = {isa = PBXBuildFile; fileRef = 45DF1F921CCF5E8A00DC57FC /* Assets.xcassets */; };
		45DF1F961CCF5E8A00DC57FC /* LaunchScreen.storyboard in Resources */ = {isa = PBXBuildFile; fileRef = 45DF1F941CCF5E8A00DC57FC /* LaunchScreen.storyboard */; };
/* End PBXBuildFile section */

/* Begin PBXFileReference section */
		45876E251CCF60DA005CD060 /* Banana.png */ = {isa = PBXFileReference; lastKnownFileType = image.png; path = Banana.png; sourceTree = "<group>"; };
		45876E261CCF60DA005CD060 /* Orange.png */ = {isa = PBXFileReference; lastKnownFileType = image.png; path = Orange.png; sourceTree = "<group>"; };
		45876E271CCF60DA005CD060 /* Peach.png */ = {isa = PBXFileReference; lastKnownFileType = image.png; path = Peach.png; sourceTree = "<group>"; };
		45876E281CCF60DA005CD060 /* Strawberry.png */ = {isa = PBXFileReference; lastKnownFileType = image.png; path = Strawberry.png; sourceTree = "<group>"; };
		45DF1F831CCF5E8A00DC57FC /* SimpleTable.app */ = {isa = PBXFileReference; explicitFileType = wrapper.application; includeInIndex = 0; path = SimpleTable.app; sourceTree = BUILT_PRODUCTS_DIR; };
		45DF1F871CCF5E8A00DC57FC /* main.m */ = {isa = PBXFileReference; lastKnownFileType = sourcecode.c.objc; path = main.m; sourceTree = "<group>"; };
		45DF1F891CCF5E8A00DC57FC /* AppDelegate.h */ = {isa = PBXFileReference; lastKnownFileType = sourcecode.c.h; path = AppDelegate.h; sourceTree = "<group>"; };
		45DF1F8A1CCF5E8A00DC57FC /* AppDelegate.m */ = {isa = PBXFileReference; lastKnownFileType = sourcecode.c.objc; path = AppDelegate.m; sourceTree = "<group>"; };
		45DF1F8C1CCF5E8A00DC57FC /* ViewController.h */ = {isa = PBXFileReference; lastKnownFileType = sourcecode.c.h; path = ViewController.h; sourceTree = "<group>"; };
		45DF1F8D1CCF5E8A00DC57FC /* ViewController.m */ = {isa = PBXFileReference; lastKnownFileType = sourcecode.c.objc; path = ViewController.m; sourceTree = "<group>"; };
		45DF1F901CCF5E8A00DC57FC /* Base */ = {isa = PBXFileReference; lastKnownFileType = file.storyboard; name = Base; path = Base.lproj/Main.storyboard; sourceTree = "<group>"; };
		45DF1F921CCF5E8A00DC57FC /* Assets.xcassets */ = {isa = PBXFileReference; lastKnownFileType = folder.assetcatalog; path = Assets.xcassets; sourceTree = "<group>"; };
		45DF1F951CCF5E8A00DC57FC /* Base */ = {isa = PBXFileReference; lastKnownFileType = file.storyboard; name = Base; path = Base.lproj/LaunchScreen.storyboard; sourceTree = "<group>"; };
		45DF1F971CCF5E8A00DC57FC /* Info.plist */ = {isa = PBXFileReference; lastKnownFileType = text.plist.xml; path = Info.plist; sourceTree = "<group>"; };
/* End PBXFileReference section */

/* Begin PBXFrameworksBuildPhase section */
		45DF1F801CCF5E8A00DC57FC /* Frameworks */ = {
			isa = PBXFrameworksBuildPhase;
			buildActionMask = 2147483647;
			files = (
			);
			runOnlyForDeploymentPostprocessing = 0;
		};
/* End PBXFrameworksBuildPhase section */

/* Begin PBXGroup section */
		45876E241CCF60D0005CD060 /* Images */ = {
			isa = PBXGroup;
			children = (
				45876E251CCF60DA005CD060 /* Banana.png */,
				45876E261CCF60DA005CD060 /* Orange.png */,
				45876E271CCF60DA005CD060 /* Peach.png */,
				45876E281CCF60DA005CD060 /* Strawberry.png */,
			);
			name = Images;
			sourceTree = "<group>";
		};
		45DF1F7A1CCF5E8A00DC57FC = {
			isa = PBXGroup;
			children = (
				45DF1F851CCF5E8A00DC57FC /* SimpleTable */,
				45DF1F841CCF5E8A00DC57FC /* Products */,
			);
			sourceTree = "<group>";
		};
		45DF1F841CCF5E8A00DC57FC /* Products */ = {
			isa = PBXGroup;
			children = (
				45DF1F831CCF5E8A00DC57FC /* SimpleTable.app */,
			);
			name = Products;
			sourceTree = "<group>";
		};
		45DF1F851CCF5E8A00DC57FC /* SimpleTable */ = {
			isa = PBXGroup;
			children = (
				45DF1F891CCF5E8A00DC57FC /* AppDelegate.h */,
				45DF1F8A1CCF5E8A00DC57FC /* AppDelegate.m */,
				45DF1F8C1CCF5E8A00DC57FC /* ViewController.h */,
				45DF1F8D1CCF5E8A00DC57FC /* ViewController.m */,
				45DF1F8F1CCF5E8A00DC57FC /* Main.storyboard */,
				45876E241CCF60D0005CD060 /* Images */,
				45DF1F921CCF5E8A00DC57FC /* Assets.xcassets */,
				45DF1F941CCF5E8A00DC57FC /* LaunchScreen.storyboard */,
				45DF1F971CCF5E8A00DC57FC /* Info.plist */,
				45DF1F861CCF5E8A00DC57FC /* Supporting Files */,
			);
			path = SimpleTable;
			sourceTree = "<group>";
		};
		45DF1F861CCF5E8A00DC57FC /* Supporting Files */ = {
			isa = PBXGroup;
			children = (
				45DF1F871CCF5E8A00DC57FC /* main.m */,
			);
			name = "Supporting Files";
			sourceTree = "<group>";
		};
/* End PBXGroup section */

/* Begin PBXNativeTarget section */
		45DF1F821CCF5E8A00DC57FC /* SimpleTable */ = {
			isa = PBXNativeTarget;
			buildConfigurationList = 45DF1F9A1CCF5E8A00DC57FC /* Build configuration list for PBXNativeTarget "SimpleTable" */;
			buildPhases = (
				45DF1F7F1CCF5E8A00DC57FC /* Sources */,
				45DF1F801CCF5E8A00DC57FC /* Frameworks */,
				45DF1F811CCF5E8A00DC57FC /* Resources */,
			);
			buildRules = (
			);
			dependencies = (
			);
			name = SimpleTable;
			productName = SimpleTable;
			productReference = 45DF1F831CCF5E8A00DC57FC /* SimpleTable.app */;
			productType = "com.apple.product-type.application";
		};
/* End PBXNativeTarget section */

/* Begin PBXProject section */
		45DF1F7B1CCF5E8A00DC57FC /* Project object */ = {
			isa = PBXProject;
			attributes = {
				LastUpgradeCheck = 0720;
				ORGANIZATIONNAME = "Tin Blanc";
				TargetAttributes = {
					45DF1F821CCF5E8A00DC57FC = {
						CreatedOnToolsVersion = 7.2;
						DevelopmentTeam = 6TY8547B3M;
					};
				};
			};
			buildConfigurationList = 45DF1F7E1CCF5E8A00DC57FC /* Build configuration list for PBXProject "SimpleTable" */;
			compatibilityVersion = "Xcode 3.2";
			developmentRegion = English;
			hasScannedForEncodings = 0;
			knownRegions = (
				en,
				Base,
			);
			mainGroup = 45DF1F7A1CCF5E8A00DC57FC;
			productRefGroup = 45DF1F841CCF5E8A00DC57FC /* Products */;
			projectDirPath = "";
			projectRoot = "";
			targets = (
				45DF1F821CCF5E8A00DC57FC /* SimpleTable */,
			);
		};
/* End PBXProject section */

/* Begin PBXResourcesBuildPhase section */
		45DF1F811CCF5E8A00DC57FC /* Resources */ = {
			isa = PBXResourcesBuildPhase;
			buildActionMask = 2147483647;
			files = (
				45DF1F961CCF5E8A00DC57FC /* LaunchScreen.storyboard in Resources */,
				45876E2C1CCF60DA005CD060 /* Strawberry.png in Resources */,
				45876E2A1CCF60DA005CD060 /* Orange.png in Resources */,
				45DF1F931CCF5E8A00DC57FC /* Assets.xcassets in Resources */,
				45876E2B1CCF60DA005CD060 /* Peach.png in Resources */,
				45876E291CCF60DA005CD060 /* Banana.png in Resources */,
				45DF1F911CCF5E8A00DC57FC /* Main.storyboard in Resources */,
			);
			runOnlyForDeploymentPostprocessing = 0;
		};
/* End PBXResourcesBuildPhase section */

/* Begin PBXSourcesBuildPhase section */
		45DF1F7F1CCF5E8A00DC57FC /* Sources */ = {
			isa = PBXSourcesBuildPhase;
			buildActionMask = 2147483647;
			files = (
				45DF1F8E1CCF5E8A00DC57FC /* ViewController.m in Sources */,
				45DF1F8B1CCF5E8A00DC57FC /* AppDelegate.m in Sources */,
				45DF1F881CCF5E8A00DC57FC /* main.m in Sources */,
			);
			runOnlyForDeploymentPostprocessing = 0;
		};
/* End PBXSourcesBuildPhase section */

/* Begin PBXVariantGroup section */
		45DF1F8F1CCF5E8A00DC57FC /* Main.storyboard */ = {
			isa = PBXVariantGroup;
			children = (
				45DF1F901CCF5E8A00DC57FC /* Base */,
			);
			name = Main.storyboard;
			sourceTree = "<group>";
		};
		45DF1F941CCF5E8A00DC57FC /* LaunchScreen.storyboard */ = {
			isa = PBXVariantGroup;
			children = (
				45DF1F951CCF5E8A00DC57FC /* Base */,
			);
			name = LaunchScreen.storyboard;
			sourceTree = "<group>";
		};
/* End PBXVariantGroup section */

/* Begin XCBuildConfiguration section */
		45DF1F981CCF5E8A00DC57FC /* Debug */ = {
			isa = XCBuildConfiguration;
			buildSettings = {
				ALWAYS_SEARCH_USER_PATHS = NO;
				CLANG_CXX_LANGUAGE_STANDARD = "gnu++0x";
				CLANG_CXX_LIBRARY = "libc++";
				CLANG_ENABLE_MODULES = YES;
				CLANG_ENABLE_OBJC_ARC = YES;
				CLANG_WARN_BOOL_CONVERSION = YES;
				CLANG_WARN_CONSTANT_CONVERSION = YES;
				CLANG_WARN_DIRECT_OBJC_ISA_USAGE = YES_ERROR;
				CLANG_WARN_EMPTY_BODY = YES;
				CLANG_WARN_ENUM_CONVERSION = YES;
				CLANG_WARN_INT_CONVERSION = YES;
				CLANG_WARN_OBJC_ROOT_CLASS = YES_ERROR;
				CLANG_WARN_UNREACHABLE_CODE = YES;
				CLANG_WARN__DUPLICATE_METHOD_MATCH = YES;
				"CODE_SIGN_IDENTITY[sdk=iphoneos*]" = "iPhone Developer";
				COPY_PHASE_STRIP = NO;
				DEBUG_INFORMATION_FORMAT = dwarf;
				ENABLE_STRICT_OBJC_MSGSEND = YES;
				ENABLE_TESTABILITY = YES;
				GCC_C_LANGUAGE_STANDARD = gnu99;
				GCC_DYNAMIC_NO_PIC = NO;
				GCC_NO_COMMON_BLOCKS = YES;
				GCC_OPTIMIZATION_LEVEL = 0;
				GCC_PREPROCESSOR_DEFINITIONS = (
					"DEBUG=1",
					"$(inherited)",
				);
				GCC_WARN_64_TO_32_BIT_CONVERSION = YES;
				GCC_WARN_ABOUT_RETURN_TYPE = YES_ERROR;
				GCC_WARN_UNDECLARED_SELECTOR = YES;
				GCC_WARN_UNINITIALIZED_AUTOS = YES_AGGRESSIVE;
				GCC_WARN_UNUSED_FUNCTION = YES;
				GCC_WARN_UNUSED_VARIABLE = YES;
				IPHONEOS_DEPLOYMENT_TARGET = 9.2;
				MTL_ENABLE_DEBUG_INFO = YES;
				ONLY_ACTIVE_ARCH = YES;
				SDKROOT = iphoneos;
			};
			name = Debug;
		};
		45DF1F991CCF5E8A00DC57FC /* Release */ = {
			isa = XCBuildConfiguration;
			buildSettings = {
				ALWAYS_SEARCH_USER_PATHS = NO;
				CLANG_CXX_LANGUAGE_STANDARD = "gnu++0x";
				CLANG_CXX_LIBRARY = "libc++";
				CLANG_ENABLE_MODULES = YES;
				CLANG_ENABLE_OBJC_ARC = YES;
				CLANG_WARN_BOOL_CONVERSION = YES;
				CLANG_WARN_CONSTANT_CONVERSION = YES;
				CLANG_WARN_DIRECT_OBJC_ISA_USAGE = YES_ERROR;
				CLANG_WARN_EMPTY_BODY = YES;
				CLANG_WARN_ENUM_CONVERSION = YES;
				CLANG_WARN_INT_CONVERSION = YES;
				CLANG_WARN_OBJC_ROOT_CLASS = YES_ERROR;
				CLANG_WARN_UNREACHABLE_CODE = YES;
				CLANG_WARN__DUPLICATE_METHOD_MATCH = YES;
				"CODE_SIGN_IDENTITY[sdk=iphoneos*]" = "iPhone Developer";
				COPY_PHASE_STRIP = NO;
				DEBUG_INFORMATION_FORMAT = "dwarf-with-dsym";
				ENABLE_NS_ASSERTIONS = NO;
				ENABLE_STRICT_OBJC_MSGSEND = YES;
				GCC_C_LANGUAGE_STANDARD = gnu99;
				GCC_NO_COMMON_BLOCKS = YES;
				GCC_WARN_64_TO_32_BIT_CONVERSION = YES;
				GCC_WARN_ABOUT_RETURN_TYPE = YES_ERROR;
				GCC_WARN_UNDECLARED_SELECTOR = YES;
				GCC_WARN_UNINITIALIZED_AUTOS = YES_AGGRESSIVE;
				GCC_WARN_UNUSED_FUNCTION = YES;
				GCC_WARN_UNUSED_VARIABLE = YES;
				IPHONEOS_DEPLOYMENT_TARGET = 9.2;
				MTL_ENABLE_DEBUG_INFO = NO;
				SDKROOT = iphoneos;
				VALIDATE_PRODUCT = YES;
			};
			name = Release;
		};
		45DF1F9B1CCF5E8A00DC57FC /* Debug */ = {
			isa = XCBuildConfiguration;
			buildSettings = {
				ASSETCATALOG_COMPILER_APPICON_NAME = AppIcon;
				INFOPLIST_FILE = SimpleTable/Info.plist;
				LD_RUNPATH_SEARCH_PATHS = "$(inherited) @executable_path/Frameworks";
				PRODUCT_BUNDLE_IDENTIFIER = vn.techmaster.SimpleTable;
				PRODUCT_NAME = "$(TARGET_NAME)";
			};
			name = Debug;
		};
		45DF1F9C1CCF5E8A00DC57FC /* Release */ = {
			isa = XCBuildConfiguration;
			buildSettings = {
				ASSETCATALOG_COMPILER_APPICON_NAME = AppIcon;
				INFOPLIST_FILE = SimpleTable/Info.plist;
				LD_RUNPATH_SEARCH_PATHS = "$(inherited) @executable_path/Frameworks";
				PRODUCT_BUNDLE_IDENTIFIER = vn.techmaster.SimpleTable;
				PRODUCT_NAME = "$(TARGET_NAME)";
			};
			name = Release;
		};
/* End XCBuildConfiguration section */

/* Begin XCConfigurationList section */
		45DF1F7E1CCF5E8A00DC57FC /* Build configuration list for PBXProject "SimpleTable" */ = {
			isa = XCConfigurationList;
			buildConfigurations = (
				45DF1F981CCF5E8A00DC57FC /* Debug */,
				45DF1F991CCF5E8A00DC57FC /* Release */,
			);
			defaultConfigurationIsVisible = 0;
			defaultConfigurationName = Release;
		};
		45DF1F9A1CCF5E8A00DC57FC /* Build configuration list for PBXNativeTarget "SimpleTable" */ = {
			isa = XCConfigurationList;
			buildConfigurations = (
				45DF1F9B1CCF5E8A00DC57FC /* Debug */,
				45DF1F9C1CCF5E8A00DC57FC /* Release */,
			);
			defaultConfigurationIsVisible = 0;
			defaultConfigurationName = Release;
		};
/* End XCConfigurationList section */
	};
	rootObject = 45DF1F7B1CCF5E8A00DC57FC /* Project object */;
}
